
Microsoft Visual Studio Solution File, Format Version 12.00
# Visual Studio Version 17
VisualStudioVersion = 17.8.34511.84
MinimumVisualStudioVersion = 10.0.40219.1
Project("{FAE04EC0-301F-11D3-BF4B-00C04F79EFBC}") = "HrManagementBlazor", "HrManagementBlazor.csproj", "{5DDCAF15-AA31-4C4F-9528-BE8C82B7A28F}"
EndProject
Global
	GlobalSection(SolutionConfigurationPlatforms) = preSolution
		Debug|Any CPU = Debug|Any CPU
		Release|Any CPU = Release|Any CPU
	EndGlobalSection
	GlobalSection(ProjectConfigurationPlatforms) = postSolution
		{5DDCAF15-AA31-4C4F-9528-BE8C82B7A28F}.Debug|Any CPU.ActiveCfg = Debug|Any CPU
		{5DDCAF15-AA31-4C4F-9528-BE8C82B7A28F}.Debug|Any CPU.Build.0 = Debug|Any CPU
		{5DDCAF15-AA31-4C4F-9528-BE8C82B7A28F}.Release|Any CPU.ActiveCfg = Release|Any CPU
		{5DDCAF15-AA31-4C4F-9528-BE8C82B7A28F}.Release|Any CPU.Build.0 = Release|Any CPU
	EndGlobalSection
	GlobalSection(SolutionProperties) = preSolution
		HideSolutionNode = FALSE
	EndGlobalSection
	GlobalSection(ExtensibilityGlobals) = postSolution
		SolutionGuid = {1837457D-E193-4056-9B0C-33997C37CDD8}
	EndGlobalSection
EndGlobal
